
Microsoft Visual Studio Solution File, Format Version 12.00
# Visual Studio Version 16
VisualStudioVersion = 16.0.29613.14
MinimumVisualStudioVersion = 10.0.40219.1
Project("{9A19103F-16F7-4668-BE54-9A1E7A4F7556}") = "Login_System", "Login_System\Login_System.csproj", "{B3F733A2-01C2-495D-B7E8-5139E70BBB0D}"
EndProject
Global
	GlobalSection(SolutionConfigurationPlatforms) = preSolution
		Debug|Any CPU = Debug|Any CPU
		Release|Any CPU = Release|Any CPU
	EndGlobalSection
	GlobalSection(ProjectConfigurationPlatforms) = postSolution
		{B3F733A2-01C2-495D-B7E8-5139E70BBB0D}.Debug|Any CPU.ActiveCfg = Debug|Any CPU
		{B3F733A2-01C2-495D-B7E8-5139E70BBB0D}.Debug|Any CPU.Build.0 = Debug|Any CPU
		{B3F733A2-01C2-495D-B7E8-5139E70BBB0D}.Release|Any CPU.ActiveCfg = Release|Any CPU
		{B3F733A2-01C2-495D-B7E8-5139E70BBB0D}.Release|Any CPU.Build.0 = Release|Any CPU
	EndGlobalSection
	GlobalSection(SolutionProperties) = preSolution
		HideSolutionNode = FALSE
	EndGlobalSection
	GlobalSection(ExtensibilityGlobals) = postSolution
		SolutionGuid = {4A267D15-74B7-4C89-9F1B-B8FE7A934668}
	EndGlobalSection
EndGlobal
